// !$*UTF8*$!
{
	archiveVersion = 1;
	classes = {
	};
	objectVersion = 46;
	objects = {

/* Begin PBXBuildFile section */
		AC99C5B31F3874E000D0A7A4 /* AppDelegate.swift in Sources */ = {isa = PBXBuildFile; fileRef = AC99C5B21F3874E000D0A7A4 /* AppDelegate.swift */; };
		AC99C5B51F3874E000D0A7A4 /* ViewController.swift in Sources */ = {isa = PBXBuildFile; fileRef = AC99C5B41F3874E000D0A7A4 /* ViewController.swift */; };
		AC99C5B81F3874E000D0A7A4 /* Main.storyboard in Resources */ = {isa = PBXBuildFile; fileRef = AC99C5B61F3874E000D0A7A4 /* Main.storyboard */; };
		AC99C5BA1F3874E000D0A7A4 /* Assets.xcassets in Resources */ = {isa = PBXBuildFile; fileRef = AC99C5B91F3874E000D0A7A4 /* Assets.xcassets */; };
		AC99C5BD1F3874E000D0A7A4 /* LaunchScreen.storyboard in Resources */ = {isa = PBXBuildFile; fileRef = AC99C5BB1F3874E000D0A7A4 /* LaunchScreen.storyboard */; };
		AC99C5C61F38750E00D0A7A4 /* SDPhotosHelper.swift in Sources */ = {isa = PBXBuildFile; fileRef = AC99C5C51F38750E00D0A7A4 /* SDPhotosHelper.swift */; };
/* End PBXBuildFile section */

/* Begin PBXFileReference section */
		AC99C5AF1F3874E000D0A7A4 /* SDPhotosHelper.app */ = {isa = PBXFileReference; explicitFileType = wrapper.application; includeInIndex = 0; path = SDPhotosHelper.app; sourceTree = BUILT_PRODUCTS_DIR; };
		AC99C5B21F3874E000D0A7A4 /* AppDelegate.swift */ = {isa = PBXFileReference; lastKnownFileType = sourcecode.swift; path = AppDelegate.swift; sourceTree = "<group>"; };
		AC99C5B41F3874E000D0A7A4 /* ViewController.swift */ = {isa = PBXFileReference; lastKnownFileType = sourcecode.swift; path = ViewController.swift; sourceTree = "<group>"; };
		AC99C5B71F3874E000D0A7A4 /* Base */ = {isa = PBXFileReference; lastKnownFileType = file.storyboard; name = Base; path = Base.lproj/Main.storyboard; sourceTree = "<group>"; };
		AC99C5B91F3874E000D0A7A4 /* Assets.xcassets */ = {isa = PBXFileReference; lastKnownFileType = folder.assetcatalog; path = Assets.xcassets; sourceTree = "<group>"; };
		AC99C5BC1F3874E000D0A7A4 /* Base */ = {isa = PBXFileReference; lastKnownFileType = file.storyboard; name = Base; path = Base.lproj/LaunchScreen.storyboard; sourceTree = "<group>"; };
		AC99C5BE1F3874E000D0A7A4 /* Info.plist */ = {isa = PBXFileReference; lastKnownFileType = text.plist.xml; path = Info.plist; sourceTree = "<group>"; };
		AC99C5C51F38750E00D0A7A4 /* SDPhotosHelper.swift */ = {isa = PBXFileReference; fileEncoding = 4; lastKnownFileType = sourcecode.swift; path = SDPhotosHelper.swift; sourceTree = "<group>"; };
/* End PBXFileReference section */

/* Begin PBXFrameworksBuildPhase section */
		AC99C5AC1F3874E000D0A7A4 /* Frameworks */ = {
			isa = PBXFrameworksBuildPhase;
			buildActionMask = 2147483647;
			files = (
			);
			runOnlyForDeploymentPostprocessing = 0;
		};
/* End PBXFrameworksBuildPhase section */

/* Begin PBXGroup section */
		AC99C5A61F3874E000D0A7A4 = {
			isa = PBXGroup;
			children = (
				AC99C5B11F3874E000D0A7A4 /* SDPhotosHelper */,
				AC99C5B01F3874E000D0A7A4 /* Products */,
			);
			sourceTree = "<group>";
		};
		AC99C5B01F3874E000D0A7A4 /* Products */ = {
			isa = PBXGroup;
			children = (
				AC99C5AF1F3874E000D0A7A4 /* SDPhotosHelper.app */,
			);
			name = Products;
			sourceTree = "<group>";
		};
		AC99C5B11F3874E000D0A7A4 /* SDPhotosHelper */ = {
			isa = PBXGroup;
			children = (
				AC99C5C41F38750E00D0A7A4 /* Classes */,
				AC99C5B21F3874E000D0A7A4 /* AppDelegate.swift */,
				AC99C5B41F3874E000D0A7A4 /* ViewController.swift */,
				AC99C5B61F3874E000D0A7A4 /* Main.storyboard */,
				AC99C5B91F3874E000D0A7A4 /* Assets.xcassets */,
				AC99C5BB1F3874E000D0A7A4 /* LaunchScreen.storyboard */,
				AC99C5BE1F3874E000D0A7A4 /* Info.plist */,
			);
			path = SDPhotosHelper;
			sourceTree = "<group>";
		};
		AC99C5C41F38750E00D0A7A4 /* Classes */ = {
			isa = PBXGroup;
			children = (
				AC99C5C51F38750E00D0A7A4 /* SDPhotosHelper.swift */,
			);
			path = Classes;
			sourceTree = "<group>";
		};
/* End PBXGroup section */

/* Begin PBXNativeTarget section */
		AC99C5AE1F3874E000D0A7A4 /* SDPhotosHelper */ = {
			isa = PBXNativeTarget;
			buildConfigurationList = AC99C5C11F3874E000D0A7A4 /* Build configuration list for PBXNativeTarget "SDPhotosHelper" */;
			buildPhases = (
				AC99C5AB1F3874E000D0A7A4 /* Sources */,
				AC99C5AC1F3874E000D0A7A4 /* Frameworks */,
				AC99C5AD1F3874E000D0A7A4 /* Resources */,
			);
			buildRules = (
			);
			dependencies = (
			);
			name = SDPhotosHelper;
			productName = SDPhotosHelper;
			productReference = AC99C5AF1F3874E000D0A7A4 /* SDPhotosHelper.app */;
			productType = "com.apple.product-type.application";
		};
/* End PBXNativeTarget section */

/* Begin PBXProject section */
		AC99C5A71F3874E000D0A7A4 /* Project object */ = {
			isa = PBXProject;
			attributes = {
				LastSwiftUpdateCheck = 0830;
				LastUpgradeCheck = 0830;
				ORGANIZATIONNAME = "Sagar Dagdu";
				TargetAttributes = {
					AC99C5AE1F3874E000D0A7A4 = {
						CreatedOnToolsVersion = 8.3.3;
						ProvisioningStyle = Automatic;
					};
				};
			};
			buildConfigurationList = AC99C5AA1F3874E000D0A7A4 /* Build configuration list for PBXProject "SDPhotosHelper" */;
			compatibilityVersion = "Xcode 3.2";
			developmentRegion = English;
			hasScannedForEncodings = 0;
			knownRegions = (
				en,
				Base,
			);
			mainGroup = AC99C5A61F3874E000D0A7A4;
			productRefGroup = AC99C5B01F3874E000D0A7A4 /* Products */;
			projectDirPath = "";
			projectRoot = "";
			targets = (
				AC99C5AE1F3874E000D0A7A4 /* SDPhotosHelper */,
			);
		};
/* End PBXProject section */

/* Begin PBXResourcesBuildPhase section */
		AC99C5AD1F3874E000D0A7A4 /* Resources */ = {
			isa = PBXResourcesBuildPhase;
			buildActionMask = 2147483647;
			files = (
				AC99C5BD1F3874E000D0A7A4 /* LaunchScreen.storyboard in Resources */,
				AC99C5BA1F3874E000D0A7A4 /* Assets.xcassets in Resources */,
				AC99C5B81F3874E000D0A7A4 /* Main.storyboard in Resources */,
			);
			runOnlyForDeploymentPostprocessing = 0;
		};
/* End PBXResourcesBuildPhase section */

/* Begin PBXSourcesBuildPhase section */
		AC99C5AB1F3874E000D0A7A4 /* Sources */ = {
			isa = PBXSourcesBuildPhase;
			buildActionMask = 2147483647;
			files = (
				AC99C5C61F38750E00D0A7A4 /* SDPhotosHelper.swift in Sources */,
				AC99C5B51F3874E000D0A7A4 /* ViewController.swift in Sources */,
				AC99C5B31F3874E000D0A7A4 /* AppDelegate.swift in Sources */,
			);
			runOnlyForDeploymentPostprocessing = 0;
		};
/* End PBXSourcesBuildPhase section */

/* Begin PBXVariantGroup section */
		AC99C5B61F3874E000D0A7A4 /* Main.storyboard */ = {
			isa = PBXVariantGroup;
			children = (
				AC99C5B71F3874E000D0A7A4 /* Base */,
			);
			name = Main.storyboard;
			sourceTree = "<group>";
		};
		AC99C5BB1F3874E000D0A7A4 /* LaunchScreen.storyboard */ = {
			isa = PBXVariantGroup;
			children = (
				AC99C5BC1F3874E000D0A7A4 /* Base */,
			);
			name = LaunchScreen.storyboard;
			sourceTree = "<group>";
		};
/* End PBXVariantGroup section */

/* Begin XCBuildConfiguration section */
		AC99C5BF1F3874E000D0A7A4 /* Debug */ = {
			isa = XCBuildConfiguration;
			buildSettings = {
				ALWAYS_SEARCH_USER_PATHS = NO;
				CLANG_ANALYZER_NONNULL = YES;
				CLANG_ANALYZER_NUMBER_OBJECT_CONVERSION = YES_AGGRESSIVE;
				CLANG_CXX_LANGUAGE_STANDARD = "gnu++0x";
				CLANG_CXX_LIBRARY = "libc++";
				CLANG_ENABLE_MODULES = YES;
				CLANG_ENABLE_OBJC_ARC = YES;
				CLANG_WARN_BOOL_CONVERSION = YES;
				CLANG_WARN_CONSTANT_CONVERSION = YES;
				CLANG_WARN_DIRECT_OBJC_ISA_USAGE = YES_ERROR;
				CLANG_WARN_DOCUMENTATION_COMMENTS = YES;
				CLANG_WARN_EMPTY_BODY = YES;
				CLANG_WARN_ENUM_CONVERSION = YES;
				CLANG_WARN_INFINITE_RECURSION = YES;
				CLANG_WARN_INT_CONVERSION = YES;
				CLANG_WARN_OBJC_ROOT_CLASS = YES_ERROR;
				CLANG_WARN_SUSPICIOUS_MOVE = YES;
				CLANG_WARN_UNREACHABLE_CODE = YES;
				CLANG_WARN__DUPLICATE_METHOD_MATCH = YES;
				"CODE_SIGN_IDENTITY[sdk=iphoneos*]" = "iPhone Developer";
				COPY_PHASE_STRIP = NO;
				DEBUG_INFORMATION_FORMAT = dwarf;
				ENABLE_STRICT_OBJC_MSGSEND = YES;
				ENABLE_TESTABILITY = YES;
				GCC_C_LANGUAGE_STANDARD = gnu99;
				GCC_DYNAMIC_NO_PIC = NO;
				GCC_NO_COMMON_BLOCKS = YES;
				GCC_OPTIMIZATION_LEVEL = 0;
				GCC_PREPROCESSOR_DEFINITIONS = (
					"DEBUG=1",
					"$(inherited)",
				);
				GCC_WARN_64_TO_32_BIT_CONVERSION = YES;
				GCC_WARN_ABOUT_RETURN_TYPE = YES_ERROR;
				GCC_WARN_UNDECLARED_SELECTOR = YES;
				GCC_WARN_UNINITIALIZED_AUTOS = YES_AGGRESSIVE;
				GCC_WARN_UNUSED_FUNCTION = YES;
				GCC_WARN_UNUSED_VARIABLE = YES;
				IPHONEOS_DEPLOYMENT_TARGET = 10.3;
				MTL_ENABLE_DEBUG_INFO = YES;
				ONLY_ACTIVE_ARCH = YES;
				SDKROOT = iphoneos;
				SWIFT_ACTIVE_COMPILATION_CONDITIONS = DEBUG;
				SWIFT_OPTIMIZATION_LEVEL = "-Onone";
			};
			name = Debug;
		};
		AC99C5C01F3874E000D0A7A4 /* Release */ = {
			isa = XCBuildConfiguration;
			buildSettings = {
				ALWAYS_SEARCH_USER_PATHS = NO;
				CLANG_ANALYZER_NONNULL = YES;
				CLANG_ANALYZER_NUMBER_OBJECT_CONVERSION = YES_AGGRESSIVE;
				CLANG_CXX_LANGUAGE_STANDARD = "gnu++0x";
				CLANG_CXX_LIBRARY = "libc++";
				CLANG_ENABLE_MODULES = YES;
				CLANG_ENABLE_OBJC_ARC = YES;
				CLANG_WARN_BOOL_CONVERSION = YES;
				CLANG_WARN_CONSTANT_CONVERSION = YES;
				CLANG_WARN_DIRECT_OBJC_ISA_USAGE = YES_ERROR;
				CLANG_WARN_DOCUMENTATION_COMMENTS = YES;
				CLANG_WARN_EMPTY_BODY = YES;
				CLANG_WARN_ENUM_CONVERSION = YES;
				CLANG_WARN_INFINITE_RECURSION = YES;
				CLANG_WARN_INT_CONVERSION = YES;
				CLANG_WARN_OBJC_ROOT_CLASS = YES_ERROR;
				CLANG_WARN_SUSPICIOUS_MOVE = YES;
				CLANG_WARN_UNREACHABLE_CODE = YES;
				CLANG_WARN__DUPLICATE_METHOD_MATCH = YES;
				"CODE_SIGN_IDENTITY[sdk=iphoneos*]" = "iPhone Developer";
				COPY_PHASE_STRIP = NO;
				DEBUG_INFORMATION_FORMAT = "dwarf-with-dsym";
				ENABLE_NS_ASSERTIONS = NO;
				ENABLE_STRICT_OBJC_MSGSEND = YES;
				GCC_C_LANGUAGE_STANDARD = gnu99;
				GCC_NO_COMMON_BLOCKS = YES;
				GCC_WARN_64_TO_32_BIT_CONVERSION = YES;
				GCC_WARN_ABOUT_RETURN_TYPE = YES_ERROR;
				GCC_WARN_UNDECLARED_SELECTOR = YES;
				GCC_WARN_UNINITIALIZED_AUTOS = YES_AGGRESSIVE;
				GCC_WARN_UNUSED_FUNCTION = YES;
				GCC_WARN_UNUSED_VARIABLE = YES;
				IPHONEOS_DEPLOYMENT_TARGET = 10.3;
				MTL_ENABLE_DEBUG_INFO = NO;
				SDKROOT = iphoneos;
				SWIFT_OPTIMIZATION_LEVEL = "-Owholemodule";
				VALIDATE_PRODUCT = YES;
			};
			name = Release;
		};
		AC99C5C21F3874E000D0A7A4 /* Debug */ = {
			isa = XCBuildConfiguration;
			buildSettings = {
				ASSETCATALOG_COMPILER_APPICON_NAME = AppIcon;
				INFOPLIST_FILE = SDPhotosHelper/Info.plist;
				LD_RUNPATH_SEARCH_PATHS = "$(inherited) @executable_path/Frameworks";
				PRODUCT_BUNDLE_IDENTIFIER = com.sagar.thinkinfinite.SDPhotosHelper;
				PRODUCT_NAME = "$(TARGET_NAME)";
				SWIFT_VERSION = 3.0;
			};
			name = Debug;
		};
		AC99C5C31F3874E000D0A7A4 /* Release */ = {
			isa = XCBuildConfiguration;
			buildSettings = {
				ASSETCATALOG_COMPILER_APPICON_NAME = AppIcon;
				INFOPLIST_FILE = SDPhotosHelper/Info.plist;
				LD_RUNPATH_SEARCH_PATHS = "$(inherited) @executable_path/Frameworks";
				PRODUCT_BUNDLE_IDENTIFIER = com.sagar.thinkinfinite.SDPhotosHelper;
				PRODUCT_NAME = "$(TARGET_NAME)";
				SWIFT_VERSION = 3.0;
			};
			name = Release;
		};
/* End XCBuildConfiguration section */

/* Begin XCConfigurationList section */
		AC99C5AA1F3874E000D0A7A4 /* Build configuration list for PBXProject "SDPhotosHelper" */ = {
			isa = XCConfigurationList;
			buildConfigurations = (
				AC99C5BF1F3874E000D0A7A4 /* Debug */,
				AC99C5C01F3874E000D0A7A4 /* Release */,
			);
			defaultConfigurationIsVisible = 0;
			defaultConfigurationName = Release;
		};
		AC99C5C11F3874E000D0A7A4 /* Build configuration list for PBXNativeTarget "SDPhotosHelper" */ = {
			isa = XCConfigurationList;
			buildConfigurations = (
				AC99C5C21F3874E000D0A7A4 /* Debug */,
				AC99C5C31F3874E000D0A7A4 /* Release */,
			);
			defaultConfigurationIsVisible = 0;
		};
/* End XCConfigurationList section */
	};
	rootObject = AC99C5A71F3874E000D0A7A4 /* Project object */;
}
